
Microsoft Visual Studio Solution File, Format Version 12.00
# Visual Studio 15
VisualStudioVersion = 15.0.27428.2043
MinimumVisualStudioVersion = 10.0.40219.1
Project("{FAE04EC0-301F-11D3-BF4B-00C04F79EFBC}") = "HOZAPWorkStation", "HOZAPWorkStation\HOZAPWorkStation.csproj", "{5AB0F0C1-4B74-4E9F-80BB-6ADB2B43D200}"
EndProject
Global
	GlobalSection(SolutionConfigurationPlatforms) = preSolution
		Debug|Any CPU = Debug|Any CPU
		Release|Any CPU = Release|Any CPU
	EndGlobalSection
	GlobalSection(ProjectConfigurationPlatforms) = postSolution
		{5AB0F0C1-4B74-4E9F-80BB-6ADB2B43D200}.Debug|Any CPU.ActiveCfg = Debug|Any CPU
		{5AB0F0C1-4B74-4E9F-80BB-6ADB2B43D200}.Debug|Any CPU.Build.0 = Debug|Any CPU
		{5AB0F0C1-4B74-4E9F-80BB-6ADB2B43D200}.Release|Any CPU.ActiveCfg = Release|Any CPU
		{5AB0F0C1-4B74-4E9F-80BB-6ADB2B43D200}.Release|Any CPU.Build.0 = Release|Any CPU
	EndGlobalSection
	GlobalSection(SolutionProperties) = preSolution
		HideSolutionNode = FALSE
	EndGlobalSection
	GlobalSection(ExtensibilityGlobals) = postSolution
		SolutionGuid = {85C388DF-C99C-4C65-9E27-7A2D41ACD3F3}
	EndGlobalSection
EndGlobal
