
Microsoft Visual Studio Solution File, Format Version 12.00
# Visual Studio 15
VisualStudioVersion = 15.0.27428.2043
MinimumVisualStudioVersion = 10.0.40219.1
Project("{FAE04EC0-301F-11D3-BF4B-00C04F79EFBC}") = "HOZAPWorkStation", "HOZAPWorkStation\HOZAPWorkStation.csproj", "{5AB0F0C1-4B74-4E9F-80BB-6ADB2B43D200}"
EndProject
Project("{FAE04EC0-301F-11D3-BF4B-00C04F79EFBC}") = "HOZAPModel", "HOZAPModel\HOZAPModel.csproj", "{C42210DE-8B16-48EB-A359-502DB0BAA0E5}"
EndProject
Project("{FAE04EC0-301F-11D3-BF4B-00C04F79EFBC}") = "HOZAPDAL", "HOZAPDAL\HOZAPDAL.csproj", "{37EDDD26-7DA6-4B3A-936A-23547B87F07F}"
EndProject
Project("{FAE04EC0-301F-11D3-BF4B-00C04F79EFBC}") = "HOZAPBLL", "HAZOPBLL\HOZAPBLL.csproj", "{E66C42E9-EB58-456A-8FE9-A4E943E5B458}"
EndProject
Project("{FAE04EC0-301F-11D3-BF4B-00C04F79EFBC}") = "HOZAPCommon", "HAZOPCommon\HOZAPCommon.csproj", "{134BA21D-AADB-4E3E-816A-258674EFB02F}"
EndProject
Project("{54435603-DBB4-11D2-8724-00A0C9A8B90C}") = "Setup", "Setup\Setup.vdproj", "{82324C2F-5F92-42E6-8A04-3C111D265EC8}"
EndProject
Project("{FAE04EC0-301F-11D3-BF4B-00C04F79EFBC}") = "InstallDB", "InstallDB\InstallDB.csproj", "{BE4B9809-03C1-4DEA-8300-DE8ACA6D9CD9}"
EndProject
Global
	GlobalSection(SolutionConfigurationPlatforms) = preSolution
		Debug|Any CPU = Debug|Any CPU
		Release|Any CPU = Release|Any CPU
	EndGlobalSection
	GlobalSection(ProjectConfigurationPlatforms) = postSolution
		{5AB0F0C1-4B74-4E9F-80BB-6ADB2B43D200}.Debug|Any CPU.ActiveCfg = Debug|Any CPU
		{5AB0F0C1-4B74-4E9F-80BB-6ADB2B43D200}.Debug|Any CPU.Build.0 = Debug|Any CPU
		{5AB0F0C1-4B74-4E9F-80BB-6ADB2B43D200}.Release|Any CPU.ActiveCfg = Release|Any CPU
		{5AB0F0C1-4B74-4E9F-80BB-6ADB2B43D200}.Release|Any CPU.Build.0 = Release|Any CPU
		{C42210DE-8B16-48EB-A359-502DB0BAA0E5}.Debug|Any CPU.ActiveCfg = Debug|Any CPU
		{C42210DE-8B16-48EB-A359-502DB0BAA0E5}.Debug|Any CPU.Build.0 = Debug|Any CPU
		{C42210DE-8B16-48EB-A359-502DB0BAA0E5}.Release|Any CPU.ActiveCfg = Release|Any CPU
		{C42210DE-8B16-48EB-A359-502DB0BAA0E5}.Release|Any CPU.Build.0 = Release|Any CPU
		{37EDDD26-7DA6-4B3A-936A-23547B87F07F}.Debug|Any CPU.ActiveCfg = Debug|Any CPU
		{37EDDD26-7DA6-4B3A-936A-23547B87F07F}.Debug|Any CPU.Build.0 = Debug|Any CPU
		{37EDDD26-7DA6-4B3A-936A-23547B87F07F}.Release|Any CPU.ActiveCfg = Release|Any CPU
		{37EDDD26-7DA6-4B3A-936A-23547B87F07F}.Release|Any CPU.Build.0 = Release|Any CPU
		{E66C42E9-EB58-456A-8FE9-A4E943E5B458}.Debug|Any CPU.ActiveCfg = Debug|Any CPU
		{E66C42E9-EB58-456A-8FE9-A4E943E5B458}.Debug|Any CPU.Build.0 = Debug|Any CPU
		{E66C42E9-EB58-456A-8FE9-A4E943E5B458}.Release|Any CPU.ActiveCfg = Release|Any CPU
		{E66C42E9-EB58-456A-8FE9-A4E943E5B458}.Release|Any CPU.Build.0 = Release|Any CPU
		{134BA21D-AADB-4E3E-816A-258674EFB02F}.Debug|Any CPU.ActiveCfg = Debug|Any CPU
		{134BA21D-AADB-4E3E-816A-258674EFB02F}.Debug|Any CPU.Build.0 = Debug|Any CPU
		{134BA21D-AADB-4E3E-816A-258674EFB02F}.Release|Any CPU.ActiveCfg = Release|Any CPU
		{134BA21D-AADB-4E3E-816A-258674EFB02F}.Release|Any CPU.Build.0 = Release|Any CPU
		{82324C2F-5F92-42E6-8A04-3C111D265EC8}.Debug|Any CPU.ActiveCfg = Debug
		{82324C2F-5F92-42E6-8A04-3C111D265EC8}.Debug|Any CPU.Build.0 = Debug
		{82324C2F-5F92-42E6-8A04-3C111D265EC8}.Release|Any CPU.ActiveCfg = Release
		{82324C2F-5F92-42E6-8A04-3C111D265EC8}.Release|Any CPU.Build.0 = Release
		{BE4B9809-03C1-4DEA-8300-DE8ACA6D9CD9}.Debug|Any CPU.ActiveCfg = Debug|Any CPU
		{BE4B9809-03C1-4DEA-8300-DE8ACA6D9CD9}.Debug|Any CPU.Build.0 = Debug|Any CPU
		{BE4B9809-03C1-4DEA-8300-DE8ACA6D9CD9}.Release|Any CPU.ActiveCfg = Release|Any CPU
		{BE4B9809-03C1-4DEA-8300-DE8ACA6D9CD9}.Release|Any CPU.Build.0 = Release|Any CPU
	EndGlobalSection
	GlobalSection(SolutionProperties) = preSolution
		HideSolutionNode = FALSE
	EndGlobalSection
	GlobalSection(ExtensibilityGlobals) = postSolution
		SolutionGuid = {85C388DF-C99C-4C65-9E27-7A2D41ACD3F3}
	EndGlobalSection
EndGlobal
